github.com/ayinke-llc/otito-go v0.0.0-20230511112417-dd63e8f91a09 h1:l4pvM38aL14kg6JcJI/Ui+OoTFNY3wXsqIKdpJdo6dY=
github.com/ayinke-llc/otito-go v0.0.0-20230511112417-dd63e8f91a09/go.mod h1:e+DME7CeN0RBSMLFGXRClj9NMXjY7Kq5wHGCAGtGqBc=
github.com/ayinke-llc/otito-go v0.0.0-20230511120341-9e14616578dc h1:xmL4exWWlks6YdztQFPpQr48caeCUkJsvYLNmD63si4=
github.com/ayinke-llc/otito-go v0.0.0-20230511120341-9e14616578dc/go.mod h1:nuFeR1sh0qfdnnU+i5da+wrDpB2QkhNWUtNRWnw7jlg=
